// !$*UTF8*$!
{
	archiveVersion = 1;
	classes = {
	};
	objectVersion = 70;
	objects = {

/* Begin PBXBuildFile section */
		EE596ED22CC9F3B900EBD473 /* JumpComponent.swift in Sources */ = {isa = PBXBuildFile; fileRef = EE596ED12CC9F3B900EBD473 /* JumpComponent.swift */; };
		EE6077432CD42A0800EE184F /* Meteor.swift in Sources */ = {isa = PBXBuildFile; fileRef = EE6077422CD42A0800EE184F /* Meteor.swift */; };
		EE6077452CD42B5300EE184F /* Coin.swift in Sources */ = {isa = PBXBuildFile; fileRef = EE6077442CD42B5300EE184F /* Coin.swift */; };
		EE6077472CD42C3200EE184F /* CollectableComponent.swift in Sources */ = {isa = PBXBuildFile; fileRef = EE6077462CD42C3200EE184F /* CollectableComponent.swift */; };
		EE6077492CD42EF100EE184F /* PlayerData.swift in Sources */ = {isa = PBXBuildFile; fileRef = EE6077482CD42EF100EE184F /* PlayerData.swift */; };
		EE60DA592CBF9C8D00EC516C /* Player.swift in Sources */ = {isa = PBXBuildFile; fileRef = EE60DA582CBF9C8D00EC516C /* Player.swift */; };
		EE60DA5D2CBFA0D700EC516C /* GameSceneUICreator.swift in Sources */ = {isa = PBXBuildFile; fileRef = EE60DA5C2CBFA0D700EC516C /* GameSceneUICreator.swift */; };
		EE60DA5F2CBFA8B800EC516C /* EntityManager.swift in Sources */ = {isa = PBXBuildFile; fileRef = EE60DA5E2CBFA8B800EC516C /* EntityManager.swift */; };
		EE60DA622CBFA8EE00EC516C /* SpriteComponent.swift in Sources */ = {isa = PBXBuildFile; fileRef = EE60DA612CBFA8EE00EC516C /* SpriteComponent.swift */; };
		EE7856282CAE831F00BAAC09 /* PatrickGameSUIApp.swift in Sources */ = {isa = PBXBuildFile; fileRef = EE7856272CAE831F00BAAC09 /* PatrickGameSUIApp.swift */; };
		EE78562A2CAE831F00BAAC09 /* ContentView.swift in Sources */ = {isa = PBXBuildFile; fileRef = EE7856292CAE831F00BAAC09 /* ContentView.swift */; };
		EE78562C2CAE832100BAAC09 /* Assets.xcassets in Resources */ = {isa = PBXBuildFile; fileRef = EE78562B2CAE832100BAAC09 /* Assets.xcassets */; };
		EE78562F2CAE832100BAAC09 /* Preview Assets.xcassets in Resources */ = {isa = PBXBuildFile; fileRef = EE78562E2CAE832100BAAC09 /* Preview Assets.xcassets */; };
		EE7856372CAE84FD00BAAC09 /* MainMenuView.swift in Sources */ = {isa = PBXBuildFile; fileRef = EE7856362CAE84FD00BAAC09 /* MainMenuView.swift */; };
		EE78563A2CAE859100BAAC09 /* ImageNames.swift in Sources */ = {isa = PBXBuildFile; fileRef = EE7856392CAE859100BAAC09 /* ImageNames.swift */; };
		EE82FC832CB0973D0096624C /* CustomToggleStyle.swift in Sources */ = {isa = PBXBuildFile; fileRef = EE82FC822CB0973D0096624C /* CustomToggleStyle.swift */; };
		EE8C308D2CC0A73000161D85 /* SpriteBuilder.swift in Sources */ = {isa = PBXBuildFile; fileRef = EE8C308C2CC0A73000161D85 /* SpriteBuilder.swift */; };
		EE8C308F2CC0A77200161D85 /* SizeProvider.swift in Sources */ = {isa = PBXBuildFile; fileRef = EE8C308E2CC0A77200161D85 /* SizeProvider.swift */; };
		EE8C30922CC0AA3F00161D85 /* GameStateManager.swift in Sources */ = {isa = PBXBuildFile; fileRef = EE8C30912CC0AA3F00161D85 /* GameStateManager.swift */; };
		EE8C30962CC0AA6300161D85 /* InitialState.swift in Sources */ = {isa = PBXBuildFile; fileRef = EE8C30942CC0AA6300161D85 /* InitialState.swift */; };
		EE8C30972CC0AA6300161D85 /* GameHasStarted.swift in Sources */ = {isa = PBXBuildFile; fileRef = EE8C30952CC0AA6300161D85 /* GameHasStarted.swift */; };
		EE8C30992CC0AAF900161D85 /* DependencyFactory.swift in Sources */ = {isa = PBXBuildFile; fileRef = EE8C30982CC0AAF900161D85 /* DependencyFactory.swift */; };
		EE9AAD302CC741AC00E3CCCB /* PhysicsCategories.swift in Sources */ = {isa = PBXBuildFile; fileRef = EE9AAD2F2CC741AC00E3CCCB /* PhysicsCategories.swift */; };
		EE9B86712CBC7B7100540325 /* GameScene.swift in Sources */ = {isa = PBXBuildFile; fileRef = EE9B86702CBC7B7100540325 /* GameScene.swift */; };
		EE9B86822CBC7DBD00540325 /* Level1.sks in Resources */ = {isa = PBXBuildFile; fileRef = EE9B86812CBC7DBD00540325 /* Level1.sks */; };
		EEA331E82CBC99C200DBFAFE /* GameView.swift in Sources */ = {isa = PBXBuildFile; fileRef = EEA331E72CBC99C200DBFAFE /* GameView.swift */; };
		EEA3CD982CC37D7500C59D43 /* AnimationComponent.swift in Sources */ = {isa = PBXBuildFile; fileRef = EEA3CD972CC37D7500C59D43 /* AnimationComponent.swift */; };
		EEAE18902CE0714E009BB545 /* TextureProvider.swift in Sources */ = {isa = PBXBuildFile; fileRef = EEAE188F2CE0714E009BB545 /* TextureProvider.swift */; };
		EEB04ECB2CE5748300C01350 /* GamePointsManager.swift in Sources */ = {isa = PBXBuildFile; fileRef = EEB04ECA2CE5748300C01350 /* GamePointsManager.swift */; };
		EEC1981F2CD9E506002FAFDE /* EntitiesFactory.swift in Sources */ = {isa = PBXBuildFile; fileRef = EEC1981E2CD9E506002FAFDE /* EntitiesFactory.swift */; };
		EEC198222CD9E51A002FAFDE /* MeteorDropper.swift in Sources */ = {isa = PBXBuildFile; fileRef = EEC198212CD9E51A002FAFDE /* MeteorDropper.swift */; };
		EEC1982A2CD9E533002FAFDE /* Rain.sks in Resources */ = {isa = PBXBuildFile; fileRef = EEC198252CD9E533002FAFDE /* Rain.sks */; };
		EEC1982B2CD9E533002FAFDE /* Smoke.sks in Resources */ = {isa = PBXBuildFile; fileRef = EEC198262CD9E533002FAFDE /* Smoke.sks */; };
		EEC1982C2CD9E533002FAFDE /* trail3.sks in Resources */ = {isa = PBXBuildFile; fileRef = EEC198282CD9E533002FAFDE /* trail3.sks */; };
		EEC1982D2CD9E533002FAFDE /* basicExplosion.sks in Resources */ = {isa = PBXBuildFile; fileRef = EEC198242CD9E533002FAFDE /* basicExplosion.sks */; };
		EEC1982E2CD9E533002FAFDE /* basicTrail.sks in Resources */ = {isa = PBXBuildFile; fileRef = EEC198272CD9E533002FAFDE /* basicTrail.sks */; };
		EEC198322CD9E578002FAFDE /* ExplosionComponent.swift in Sources */ = {isa = PBXBuildFile; fileRef = EEC198312CD9E578002FAFDE /* ExplosionComponent.swift */; };
		EEC2A1572CD9F7A900E44CA4 /* spark.sks in Resources */ = {isa = PBXBuildFile; fileRef = EEC2A1562CD9F7A900E44CA4 /* spark.sks */; };
		EEC2A1592CD9F90900E44CA4 /* ParticleTrailComponent.swift in Sources */ = {isa = PBXBuildFile; fileRef = EEC2A1582CD9F90900E44CA4 /* ParticleTrailComponent.swift */; };
		EED235E42CAE90750082BFD0 /* LevelsListView.swift in Sources */ = {isa = PBXBuildFile; fileRef = EED235E32CAE90750082BFD0 /* LevelsListView.swift */; };
		EED235E62CAE90930082BFD0 /* GameSettingsView.swift in Sources */ = {isa = PBXBuildFile; fileRef = EED235E52CAE90930082BFD0 /* GameSettingsView.swift */; };
		EED235E82CAE90A00082BFD0 /* GameShopView.swift in Sources */ = {isa = PBXBuildFile; fileRef = EED235E72CAE90A00082BFD0 /* GameShopView.swift */; };
		EED235EA2CAE91470082BFD0 /* DailyBonusView.swift in Sources */ = {isa = PBXBuildFile; fileRef = EED235E92CAE91470082BFD0 /* DailyBonusView.swift */; };
		EED9C2EC2CD583EB00CD5E34 /* ZPositions.swift in Sources */ = {isa = PBXBuildFile; fileRef = EED9C2EB2CD583EB00CD5E34 /* ZPositions.swift */; };
		EEEB755A2CCDF5C1009CFC58 /* GameSceneContactHandler.swift in Sources */ = {isa = PBXBuildFile; fileRef = EEEB75592CCDF5C1009CFC58 /* GameSceneContactHandler.swift */; };
		EEEB755C2CCDF70D009CFC58 /* GameSceneTouchHandler.swift in Sources */ = {isa = PBXBuildFile; fileRef = EEEB755B2CCDF70D009CFC58 /* GameSceneTouchHandler.swift */; };
		EEF48EE82CBCC1D6001351C3 /* GameOverDelegate.swift in Sources */ = {isa = PBXBuildFile; fileRef = EEF48EDC2CBCC1D5001351C3 /* GameOverDelegate.swift */; };
		EEF48EED2CBCC1D6001351C3 /* DamageReceivable.swift in Sources */ = {isa = PBXBuildFile; fileRef = EEF48EE32CBCC1D5001351C3 /* DamageReceivable.swift */; };
		EEF48EEE2CBCC1D6001351C3 /* GameState.swift in Sources */ = {isa = PBXBuildFile; fileRef = EEF48EE42CBCC1D5001351C3 /* GameState.swift */; };
		EEF48EEF2CBCC1D6001351C3 /* Exploidable.swift in Sources */ = {isa = PBXBuildFile; fileRef = EEF48EE52CBCC1D5001351C3 /* Exploidable.swift */; };
		EEF48EF02CBCC1D6001351C3 /* Updatable.swift in Sources */ = {isa = PBXBuildFile; fileRef = EEF48EE62CBCC1D5001351C3 /* Updatable.swift */; };
		EEF48EF12CBCC1D6001351C3 /* HomeButtonDelegate.swift in Sources */ = {isa = PBXBuildFile; fileRef = EEF48EE72CBCC1D6001351C3 /* HomeButtonDelegate.swift */; };
		EEFBBF352CC8B3C10075EDA4 /* PlayerMovementComponent.swift in Sources */ = {isa = PBXBuildFile; fileRef = EEFBBF342CC8B3C10075EDA4 /* PlayerMovementComponent.swift */; };
/* End PBXBuildFile section */

/* Begin PBXFileReference section */
		EE596ED12CC9F3B900EBD473 /* JumpComponent.swift */ = {isa = PBXFileReference; lastKnownFileType = sourcecode.swift; path = JumpComponent.swift; sourceTree = "<group>"; };
		EE6077422CD42A0800EE184F /* Meteor.swift */ = {isa = PBXFileReference; lastKnownFileType = sourcecode.swift; path = Meteor.swift; sourceTree = "<group>"; };
		EE6077442CD42B5300EE184F /* Coin.swift */ = {isa = PBXFileReference; lastKnownFileType = sourcecode.swift; path = Coin.swift; sourceTree = "<group>"; };
		EE6077462CD42C3200EE184F /* CollectableComponent.swift */ = {isa = PBXFileReference; lastKnownFileType = sourcecode.swift; path = CollectableComponent.swift; sourceTree = "<group>"; };
		EE6077482CD42EF100EE184F /* PlayerData.swift */ = {isa = PBXFileReference; lastKnownFileType = sourcecode.swift; path = PlayerData.swift; sourceTree = "<group>"; };
		EE60DA582CBF9C8D00EC516C /* Player.swift */ = {isa = PBXFileReference; lastKnownFileType = sourcecode.swift; path = Player.swift; sourceTree = "<group>"; };
		EE60DA5C2CBFA0D700EC516C /* GameSceneUICreator.swift */ = {isa = PBXFileReference; lastKnownFileType = sourcecode.swift; path = GameSceneUICreator.swift; sourceTree = "<group>"; };
		EE60DA5E2CBFA8B800EC516C /* EntityManager.swift */ = {isa = PBXFileReference; lastKnownFileType = sourcecode.swift; path = EntityManager.swift; sourceTree = "<group>"; };
		EE60DA612CBFA8EE00EC516C /* SpriteComponent.swift */ = {isa = PBXFileReference; lastKnownFileType = sourcecode.swift; path = SpriteComponent.swift; sourceTree = "<group>"; };
		EE7856242CAE831F00BAAC09 /* PatrickGameSUI.app */ = {isa = PBXFileReference; explicitFileType = wrapper.application; includeInIndex = 0; path = PatrickGameSUI.app; sourceTree = BUILT_PRODUCTS_DIR; };
		EE7856272CAE831F00BAAC09 /* PatrickGameSUIApp.swift */ = {isa = PBXFileReference; lastKnownFileType = sourcecode.swift; path = PatrickGameSUIApp.swift; sourceTree = "<group>"; };
		EE7856292CAE831F00BAAC09 /* ContentView.swift */ = {isa = PBXFileReference; lastKnownFileType = sourcecode.swift; path = ContentView.swift; sourceTree = "<group>"; };
		EE78562B2CAE832100BAAC09 /* Assets.xcassets */ = {isa = PBXFileReference; lastKnownFileType = folder.assetcatalog; path = Assets.xcassets; sourceTree = "<group>"; };
		EE78562E2CAE832100BAAC09 /* Preview Assets.xcassets */ = {isa = PBXFileReference; lastKnownFileType = folder.assetcatalog; path = "Preview Assets.xcassets"; sourceTree = "<group>"; };
		EE7856362CAE84FD00BAAC09 /* MainMenuView.swift */ = {isa = PBXFileReference; lastKnownFileType = sourcecode.swift; path = MainMenuView.swift; sourceTree = "<group>"; };
		EE7856392CAE859100BAAC09 /* ImageNames.swift */ = {isa = PBXFileReference; lastKnownFileType = sourcecode.swift; path = ImageNames.swift; sourceTree = "<group>"; };
		EE82FC822CB0973D0096624C /* CustomToggleStyle.swift */ = {isa = PBXFileReference; lastKnownFileType = sourcecode.swift; path = CustomToggleStyle.swift; sourceTree = "<group>"; };
		EE8C308C2CC0A73000161D85 /* SpriteBuilder.swift */ = {isa = PBXFileReference; fileEncoding = 4; lastKnownFileType = sourcecode.swift; path = SpriteBuilder.swift; sourceTree = "<group>"; };
		EE8C308E2CC0A77200161D85 /* SizeProvider.swift */ = {isa = PBXFileReference; fileEncoding = 4; lastKnownFileType = sourcecode.swift; path = SizeProvider.swift; sourceTree = "<group>"; };
		EE8C30912CC0AA3F00161D85 /* GameStateManager.swift */ = {isa = PBXFileReference; fileEncoding = 4; lastKnownFileType = sourcecode.swift; path = GameStateManager.swift; sourceTree = "<group>"; };
		EE8C30942CC0AA6300161D85 /* InitialState.swift */ = {isa = PBXFileReference; fileEncoding = 4; lastKnownFileType = sourcecode.swift; path = InitialState.swift; sourceTree = "<group>"; };
		EE8C30952CC0AA6300161D85 /* GameHasStarted.swift */ = {isa = PBXFileReference; fileEncoding = 4; lastKnownFileType = sourcecode.swift; path = GameHasStarted.swift; sourceTree = "<group>"; };
		EE8C30982CC0AAF900161D85 /* DependencyFactory.swift */ = {isa = PBXFileReference; lastKnownFileType = sourcecode.swift; path = DependencyFactory.swift; sourceTree = "<group>"; };
		EE9AAD2F2CC741AC00E3CCCB /* PhysicsCategories.swift */ = {isa = PBXFileReference; lastKnownFileType = sourcecode.swift; path = PhysicsCategories.swift; sourceTree = "<group>"; };
		EE9B86702CBC7B7100540325 /* GameScene.swift */ = {isa = PBXFileReference; fileEncoding = 4; lastKnownFileType = sourcecode.swift; path = GameScene.swift; sourceTree = "<group>"; };
		EE9B86812CBC7DBD00540325 /* Level1.sks */ = {isa = PBXFileReference; lastKnownFileType = file.sks; path = Level1.sks; sourceTree = "<group>"; };
		EEA331E72CBC99C200DBFAFE /* GameView.swift */ = {isa = PBXFileReference; lastKnownFileType = sourcecode.swift; path = GameView.swift; sourceTree = "<group>"; };
		EEA3CD972CC37D7500C59D43 /* AnimationComponent.swift */ = {isa = PBXFileReference; lastKnownFileType = sourcecode.swift; path = AnimationComponent.swift; sourceTree = "<group>"; };
		EEAE188F2CE0714E009BB545 /* TextureProvider.swift */ = {isa = PBXFileReference; lastKnownFileType = sourcecode.swift; path = TextureProvider.swift; sourceTree = "<group>"; };
		EEB04ECA2CE5748300C01350 /* GamePointsManager.swift */ = {isa = PBXFileReference; lastKnownFileType = sourcecode.swift; path = GamePointsManager.swift; sourceTree = "<group>"; };
		EEC1981E2CD9E506002FAFDE /* EntitiesFactory.swift */ = {isa = PBXFileReference; lastKnownFileType = sourcecode.swift; path = EntitiesFactory.swift; sourceTree = "<group>"; };
		EEC198212CD9E51A002FAFDE /* MeteorDropper.swift */ = {isa = PBXFileReference; lastKnownFileType = sourcecode.swift; path = MeteorDropper.swift; sourceTree = "<group>"; };
		EEC198242CD9E533002FAFDE /* basicExplosion.sks */ = {isa = PBXFileReference; lastKnownFileType = file.sks; path = basicExplosion.sks; sourceTree = "<group>"; };
		EEC198252CD9E533002FAFDE /* Rain.sks */ = {isa = PBXFileReference; lastKnownFileType = file.sks; path = Rain.sks; sourceTree = "<group>"; };
		EEC198262CD9E533002FAFDE /* Smoke.sks */ = {isa = PBXFileReference; lastKnownFileType = file.sks; path = Smoke.sks; sourceTree = "<group>"; };
		EEC198272CD9E533002FAFDE /* basicTrail.sks */ = {isa = PBXFileReference; lastKnownFileType = file.sks; path = basicTrail.sks; sourceTree = "<group>"; };
		EEC198282CD9E533002FAFDE /* trail3.sks */ = {isa = PBXFileReference; lastKnownFileType = file.sks; path = trail3.sks; sourceTree = "<group>"; };
		EEC198312CD9E578002FAFDE /* ExplosionComponent.swift */ = {isa = PBXFileReference; lastKnownFileType = sourcecode.swift; path = ExplosionComponent.swift; sourceTree = "<group>"; };
		EEC2A1562CD9F7A900E44CA4 /* spark.sks */ = {isa = PBXFileReference; lastKnownFileType = file.sks; path = spark.sks; sourceTree = "<group>"; };
		EEC2A1582CD9F90900E44CA4 /* ParticleTrailComponent.swift */ = {isa = PBXFileReference; lastKnownFileType = sourcecode.swift; path = ParticleTrailComponent.swift; sourceTree = "<group>"; };
		EED235E32CAE90750082BFD0 /* LevelsListView.swift */ = {isa = PBXFileReference; lastKnownFileType = sourcecode.swift; path = LevelsListView.swift; sourceTree = "<group>"; };
		EED235E52CAE90930082BFD0 /* GameSettingsView.swift */ = {isa = PBXFileReference; lastKnownFileType = sourcecode.swift; path = GameSettingsView.swift; sourceTree = "<group>"; };
		EED235E72CAE90A00082BFD0 /* GameShopView.swift */ = {isa = PBXFileReference; lastKnownFileType = sourcecode.swift; path = GameShopView.swift; sourceTree = "<group>"; };
		EED235E92CAE91470082BFD0 /* DailyBonusView.swift */ = {isa = PBXFileReference; lastKnownFileType = sourcecode.swift; path = DailyBonusView.swift; sourceTree = "<group>"; };
		EED9C2EB2CD583EB00CD5E34 /* ZPositions.swift */ = {isa = PBXFileReference; lastKnownFileType = sourcecode.swift; path = ZPositions.swift; sourceTree = "<group>"; };
		EEEB75592CCDF5C1009CFC58 /* GameSceneContactHandler.swift */ = {isa = PBXFileReference; lastKnownFileType = sourcecode.swift; path = GameSceneContactHandler.swift; sourceTree = "<group>"; };
		EEEB755B2CCDF70D009CFC58 /* GameSceneTouchHandler.swift */ = {isa = PBXFileReference; lastKnownFileType = sourcecode.swift; path = GameSceneTouchHandler.swift; sourceTree = "<group>"; };
		EEF48EDC2CBCC1D5001351C3 /* GameOverDelegate.swift */ = {isa = PBXFileReference; fileEncoding = 4; lastKnownFileType = sourcecode.swift; path = GameOverDelegate.swift; sourceTree = "<group>"; };
		EEF48EE32CBCC1D5001351C3 /* DamageReceivable.swift */ = {isa = PBXFileReference; fileEncoding = 4; lastKnownFileType = sourcecode.swift; path = DamageReceivable.swift; sourceTree = "<group>"; };
		EEF48EE42CBCC1D5001351C3 /* GameState.swift */ = {isa = PBXFileReference; fileEncoding = 4; lastKnownFileType = sourcecode.swift; path = GameState.swift; sourceTree = "<group>"; };
		EEF48EE52CBCC1D5001351C3 /* Exploidable.swift */ = {isa = PBXFileReference; fileEncoding = 4; lastKnownFileType = sourcecode.swift; path = Exploidable.swift; sourceTree = "<group>"; };
		EEF48EE62CBCC1D5001351C3 /* Updatable.swift */ = {isa = PBXFileReference; fileEncoding = 4; lastKnownFileType = sourcecode.swift; path = Updatable.swift; sourceTree = "<group>"; };
		EEF48EE72CBCC1D6001351C3 /* HomeButtonDelegate.swift */ = {isa = PBXFileReference; fileEncoding = 4; lastKnownFileType = sourcecode.swift; path = HomeButtonDelegate.swift; sourceTree = "<group>"; };
		EEFBBF342CC8B3C10075EDA4 /* PlayerMovementComponent.swift */ = {isa = PBXFileReference; lastKnownFileType = sourcecode.swift; path = PlayerMovementComponent.swift; sourceTree = "<group>"; };
/* End PBXFileReference section */

/* Begin PBXFileSystemSynchronizedRootGroup section */
		EED9C2E72CD5838900CD5E34 /* Nodes */ = {isa = PBXFileSystemSynchronizedRootGroup; explicitFileTypes = {}; explicitFolders = (); path = Nodes; sourceTree = "<group>"; };
/* End PBXFileSystemSynchronizedRootGroup section */

/* Begin PBXFrameworksBuildPhase section */
		EE7856212CAE831F00BAAC09 /* Frameworks */ = {
			isa = PBXFrameworksBuildPhase;
			buildActionMask = 2147483647;
			files = (
			);
			runOnlyForDeploymentPostprocessing = 0;
		};
/* End PBXFrameworksBuildPhase section */

/* Begin PBXGroup section */
		EE60DA572CBF9C7900EC516C /* GameEntities */ = {
			isa = PBXGroup;
			children = (
				EE60DA602CBFA8E700EC516C /* Components */,
				EE60DA582CBF9C8D00EC516C /* Player.swift */,
				EE6077422CD42A0800EE184F /* Meteor.swift */,
				EE6077442CD42B5300EE184F /* Coin.swift */,
			);
			path = GameEntities;
			sourceTree = "<group>";
		};
		EE60DA5A2CBFA0A200EC516C /* Services */ = {
			isa = PBXGroup;
			children = (
				EEC198212CD9E51A002FAFDE /* MeteorDropper.swift */,
				EEC1981E2CD9E506002FAFDE /* EntitiesFactory.swift */,
				EE8C30902CC0AA1300161D85 /* GameStateManager */,
				EE8C308C2CC0A73000161D85 /* SpriteBuilder.swift */,
				EE60DA5C2CBFA0D700EC516C /* GameSceneUICreator.swift */,
				EE60DA5E2CBFA8B800EC516C /* EntityManager.swift */,
				EE8C30982CC0AAF900161D85 /* DependencyFactory.swift */,
				EEEB75592CCDF5C1009CFC58 /* GameSceneContactHandler.swift */,
				EEEB755B2CCDF70D009CFC58 /* GameSceneTouchHandler.swift */,
				EEAE188F2CE0714E009BB545 /* TextureProvider.swift */,
				EEB04ECA2CE5748300C01350 /* GamePointsManager.swift */,
			);
			path = Services;
			sourceTree = "<group>";
		};
		EE60DA602CBFA8E700EC516C /* Components */ = {
			isa = PBXGroup;
			children = (
				EEC198312CD9E578002FAFDE /* ExplosionComponent.swift */,
				EE60DA612CBFA8EE00EC516C /* SpriteComponent.swift */,
				EEA3CD972CC37D7500C59D43 /* AnimationComponent.swift */,
				EEFBBF342CC8B3C10075EDA4 /* PlayerMovementComponent.swift */,
				EE596ED12CC9F3B900EBD473 /* JumpComponent.swift */,
				EE6077462CD42C3200EE184F /* CollectableComponent.swift */,
				EEC2A1582CD9F90900E44CA4 /* ParticleTrailComponent.swift */,
			);
			path = Components;
			sourceTree = "<group>";
		};
		EE78561B2CAE831F00BAAC09 = {
			isa = PBXGroup;
			children = (
				EE7856262CAE831F00BAAC09 /* PatrickGameSUI */,
				EE7856252CAE831F00BAAC09 /* Products */,
			);
			sourceTree = "<group>";
		};
		EE7856252CAE831F00BAAC09 /* Products */ = {
			isa = PBXGroup;
			children = (
				EE7856242CAE831F00BAAC09 /* PatrickGameSUI.app */,
			);
			name = Products;
			sourceTree = "<group>";
		};
		EE7856262CAE831F00BAAC09 /* PatrickGameSUI */ = {
			isa = PBXGroup;
			children = (
				EEA3CD932CC37CAD00C59D43 /* Resources */,
				EE60DA5A2CBFA0A200EC516C /* Services */,
				EE60DA572CBF9C7900EC516C /* GameEntities */,
				EEF48EF22CBCC1DF001351C3 /* Protocols */,
				EEF48EE72CBCC1D6001351C3 /* HomeButtonDelegate.swift */,
				EE9B866F2CBC7B3500540325 /* Scenes */,
				EE7856382CAE852C00BAAC09 /* Helpers */,
				EE7856352CAE84E200BAAC09 /* Views */,
				EE7856272CAE831F00BAAC09 /* PatrickGameSUIApp.swift */,
				EE78562B2CAE832100BAAC09 /* Assets.xcassets */,
				EE78562D2CAE832100BAAC09 /* Preview Content */,
			);
			path = PatrickGameSUI;
			sourceTree = "<group>";
		};
		EE78562D2CAE832100BAAC09 /* Preview Content */ = {
			isa = PBXGroup;
			children = (
				EE78562E2CAE832100BAAC09 /* Preview Assets.xcassets */,
			);
			path = "Preview Content";
			sourceTree = "<group>";
		};
		EE7856352CAE84E200BAAC09 /* Views */ = {
			isa = PBXGroup;
			children = (
				EED9C2E72CD5838900CD5E34 /* Nodes */,
				EE7856292CAE831F00BAAC09 /* ContentView.swift */,
				EE7856362CAE84FD00BAAC09 /* MainMenuView.swift */,
				EED235E32CAE90750082BFD0 /* LevelsListView.swift */,
				EED235E52CAE90930082BFD0 /* GameSettingsView.swift */,
				EED235E72CAE90A00082BFD0 /* GameShopView.swift */,
				EED235E92CAE91470082BFD0 /* DailyBonusView.swift */,
				EE82FC822CB0973D0096624C /* CustomToggleStyle.swift */,
				EEA331E72CBC99C200DBFAFE /* GameView.swift */,
			);
			path = Views;
			sourceTree = "<group>";
		};
		EE7856382CAE852C00BAAC09 /* Helpers */ = {
			isa = PBXGroup;
			children = (
				EE8C308E2CC0A77200161D85 /* SizeProvider.swift */,
				EE7856392CAE859100BAAC09 /* ImageNames.swift */,
				EE9AAD2F2CC741AC00E3CCCB /* PhysicsCategories.swift */,
				EE6077482CD42EF100EE184F /* PlayerData.swift */,
				EED9C2EB2CD583EB00CD5E34 /* ZPositions.swift */,
			);
			path = Helpers;
			sourceTree = "<group>";
		};
		EE8C30902CC0AA1300161D85 /* GameStateManager */ = {
			isa = PBXGroup;
			children = (
				EE8C30932CC0AA4E00161D85 /* GameStates */,
				EE8C30912CC0AA3F00161D85 /* GameStateManager.swift */,
			);
			path = GameStateManager;
			sourceTree = "<group>";
		};
		EE8C30932CC0AA4E00161D85 /* GameStates */ = {
			isa = PBXGroup;
			children = (
				EE8C30952CC0AA6300161D85 /* GameHasStarted.swift */,
				EE8C30942CC0AA6300161D85 /* InitialState.swift */,
			);
			path = GameStates;
			sourceTree = "<group>";
		};
		EE9B866F2CBC7B3500540325 /* Scenes */ = {
			isa = PBXGroup;
			children = (
				EE9B86702CBC7B7100540325 /* GameScene.swift */,
				EE9B86812CBC7DBD00540325 /* Level1.sks */,
			);
			path = Scenes;
			sourceTree = "<group>";
		};
		EEA3CD932CC37CAD00C59D43 /* Resources */ = {
			isa = PBXGroup;
			children = (
				EEC198292CD9E533002FAFDE /* Particles */,
				EEA3CD942CC37CB500C59D43 /* Atlases */,
			);
			path = Resources;
			sourceTree = "<group>";
		};
		EEA3CD942CC37CB500C59D43 /* Atlases */ = {
			isa = PBXGroup;
			children = (
				EEA3CD952CC37CC000C59D43 /* PlayerAtlas */,
			);
			path = Atlases;
			sourceTree = "<group>";
		};
		EEA3CD952CC37CC000C59D43 /* PlayerAtlas */ = {
			isa = PBXGroup;
			children = (
			);
			path = PlayerAtlas;
			sourceTree = "<group>";
		};
		EEC198292CD9E533002FAFDE /* Particles */ = {
			isa = PBXGroup;
			children = (
				EEC198242CD9E533002FAFDE /* basicExplosion.sks */,
				EEC198252CD9E533002FAFDE /* Rain.sks */,
				EEC198262CD9E533002FAFDE /* Smoke.sks */,
				EEC198272CD9E533002FAFDE /* basicTrail.sks */,
				EEC2A1562CD9F7A900E44CA4 /* spark.sks */,
				EEC198282CD9E533002FAFDE /* trail3.sks */,
			);
			path = Particles;
			sourceTree = "<group>";
		};
		EEF48EF22CBCC1DF001351C3 /* Protocols */ = {
			isa = PBXGroup;
			children = (
				EEF48EE42CBCC1D5001351C3 /* GameState.swift */,
				EEF48EE32CBCC1D5001351C3 /* DamageReceivable.swift */,
				EEF48EE52CBCC1D5001351C3 /* Exploidable.swift */,
				EEF48EDC2CBCC1D5001351C3 /* GameOverDelegate.swift */,
				EEF48EE62CBCC1D5001351C3 /* Updatable.swift */,
			);
			path = Protocols;
			sourceTree = "<group>";
		};
/* End PBXGroup section */

/* Begin PBXNativeTarget section */
		EE7856232CAE831F00BAAC09 /* PatrickGameSUI */ = {
			isa = PBXNativeTarget;
			buildConfigurationList = EE7856322CAE832100BAAC09 /* Build configuration list for PBXNativeTarget "PatrickGameSUI" */;
			buildPhases = (
				EE7856202CAE831F00BAAC09 /* Sources */,
				EE7856212CAE831F00BAAC09 /* Frameworks */,
				EE7856222CAE831F00BAAC09 /* Resources */,
			);
			buildRules = (
			);
			dependencies = (
			);
			fileSystemSynchronizedGroups = (
				EED9C2E72CD5838900CD5E34 /* Nodes */,
			);
			name = PatrickGameSUI;
			productName = PatrickGameSUI;
			productReference = EE7856242CAE831F00BAAC09 /* PatrickGameSUI.app */;
			productType = "com.apple.product-type.application";
		};
/* End PBXNativeTarget section */

/* Begin PBXProject section */
		EE78561C2CAE831F00BAAC09 /* Project object */ = {
			isa = PBXProject;
			attributes = {
				BuildIndependentTargetsInParallel = 1;
				LastSwiftUpdateCheck = 1530;
				LastUpgradeCheck = 1530;
				TargetAttributes = {
					EE7856232CAE831F00BAAC09 = {
						CreatedOnToolsVersion = 15.3;
					};
				};
			};
			buildConfigurationList = EE78561F2CAE831F00BAAC09 /* Build configuration list for PBXProject "PatrickGameSUI" */;
			compatibilityVersion = "Xcode 14.0";
			developmentRegion = en;
			hasScannedForEncodings = 0;
			knownRegions = (
				en,
				Base,
			);
			mainGroup = EE78561B2CAE831F00BAAC09;
			productRefGroup = EE7856252CAE831F00BAAC09 /* Products */;
			projectDirPath = "";
			projectRoot = "";
			targets = (
				EE7856232CAE831F00BAAC09 /* PatrickGameSUI */,
			);
		};
/* End PBXProject section */

/* Begin PBXResourcesBuildPhase section */
		EE7856222CAE831F00BAAC09 /* Resources */ = {
			isa = PBXResourcesBuildPhase;
			buildActionMask = 2147483647;
			files = (
				EE78562F2CAE832100BAAC09 /* Preview Assets.xcassets in Resources */,
				EEC2A1572CD9F7A900E44CA4 /* spark.sks in Resources */,
				EE78562C2CAE832100BAAC09 /* Assets.xcassets in Resources */,
				EE9B86822CBC7DBD00540325 /* Level1.sks in Resources */,
				EEC1982A2CD9E533002FAFDE /* Rain.sks in Resources */,
				EEC1982B2CD9E533002FAFDE /* Smoke.sks in Resources */,
				EEC1982C2CD9E533002FAFDE /* trail3.sks in Resources */,
				EEC1982D2CD9E533002FAFDE /* basicExplosion.sks in Resources */,
				EEC1982E2CD9E533002FAFDE /* basicTrail.sks in Resources */,
			);
			runOnlyForDeploymentPostprocessing = 0;
		};
/* End PBXResourcesBuildPhase section */

/* Begin PBXSourcesBuildPhase section */
		EE7856202CAE831F00BAAC09 /* Sources */ = {
			isa = PBXSourcesBuildPhase;
			buildActionMask = 2147483647;
			files = (
				EE6077492CD42EF100EE184F /* PlayerData.swift in Sources */,
				EE60DA5D2CBFA0D700EC516C /* GameSceneUICreator.swift in Sources */,
				EE8C30992CC0AAF900161D85 /* DependencyFactory.swift in Sources */,
				EEF48EF02CBCC1D6001351C3 /* Updatable.swift in Sources */,
				EE596ED22CC9F3B900EBD473 /* JumpComponent.swift in Sources */,
				EE9B86712CBC7B7100540325 /* GameScene.swift in Sources */,
				EEA331E82CBC99C200DBFAFE /* GameView.swift in Sources */,
				EEAE18902CE0714E009BB545 /* TextureProvider.swift in Sources */,
				EEFBBF352CC8B3C10075EDA4 /* PlayerMovementComponent.swift in Sources */,
				EEF48EED2CBCC1D6001351C3 /* DamageReceivable.swift in Sources */,
				EEF48EEE2CBCC1D6001351C3 /* GameState.swift in Sources */,
				EED235E42CAE90750082BFD0 /* LevelsListView.swift in Sources */,
				EEC198222CD9E51A002FAFDE /* MeteorDropper.swift in Sources */,
				EEEB755A2CCDF5C1009CFC58 /* GameSceneContactHandler.swift in Sources */,
				EE8C30962CC0AA6300161D85 /* InitialState.swift in Sources */,
				EE8C30972CC0AA6300161D85 /* GameHasStarted.swift in Sources */,
				EE6077452CD42B5300EE184F /* Coin.swift in Sources */,
				EE8C30922CC0AA3F00161D85 /* GameStateManager.swift in Sources */,
				EEB04ECB2CE5748300C01350 /* GamePointsManager.swift in Sources */,
				EE7856372CAE84FD00BAAC09 /* MainMenuView.swift in Sources */,
				EE82FC832CB0973D0096624C /* CustomToggleStyle.swift in Sources */,
				EE78562A2CAE831F00BAAC09 /* ContentView.swift in Sources */,
				EED9C2EC2CD583EB00CD5E34 /* ZPositions.swift in Sources */,
				EE6077432CD42A0800EE184F /* Meteor.swift in Sources */,
				EEC1981F2CD9E506002FAFDE /* EntitiesFactory.swift in Sources */,
				EE60DA5F2CBFA8B800EC516C /* EntityManager.swift in Sources */,
				EE78563A2CAE859100BAAC09 /* ImageNames.swift in Sources */,
				EEF48EF12CBCC1D6001351C3 /* HomeButtonDelegate.swift in Sources */,
				EE9AAD302CC741AC00E3CCCB /* PhysicsCategories.swift in Sources */,
				EEF48EEF2CBCC1D6001351C3 /* Exploidable.swift in Sources */,
				EEA3CD982CC37D7500C59D43 /* AnimationComponent.swift in Sources */,
				EEEB755C2CCDF70D009CFC58 /* GameSceneTouchHandler.swift in Sources */,
				EE8C308D2CC0A73000161D85 /* SpriteBuilder.swift in Sources */,
				EED235EA2CAE91470082BFD0 /* DailyBonusView.swift in Sources */,
				EE8C308F2CC0A77200161D85 /* SizeProvider.swift in Sources */,
				EE7856282CAE831F00BAAC09 /* PatrickGameSUIApp.swift in Sources */,
				EE6077472CD42C3200EE184F /* CollectableComponent.swift in Sources */,
				EE60DA622CBFA8EE00EC516C /* SpriteComponent.swift in Sources */,
				EEC2A1592CD9F90900E44CA4 /* ParticleTrailComponent.swift in Sources */,
				EEF48EE82CBCC1D6001351C3 /* GameOverDelegate.swift in Sources */,
				EED235E62CAE90930082BFD0 /* GameSettingsView.swift in Sources */,
				EE60DA592CBF9C8D00EC516C /* Player.swift in Sources */,
				EEC198322CD9E578002FAFDE /* ExplosionComponent.swift in Sources */,
				EED235E82CAE90A00082BFD0 /* GameShopView.swift in Sources */,
			);
			runOnlyForDeploymentPostprocessing = 0;
		};
/* End PBXSourcesBuildPhase section */

/* Begin XCBuildConfiguration section */
		EE7856302CAE832100BAAC09 /* Debug */ = {
			isa = XCBuildConfiguration;
			buildSettings = {
				ALWAYS_SEARCH_USER_PATHS = NO;
				ASSETCATALOG_COMPILER_GENERATE_SWIFT_ASSET_SYMBOL_EXTENSIONS = YES;
				CLANG_ANALYZER_NONNULL = YES;
				CLANG_ANALYZER_NUMBER_OBJECT_CONVERSION = YES_AGGRESSIVE;
				CLANG_CXX_LANGUAGE_STANDARD = "gnu++20";
				CLANG_ENABLE_MODULES = YES;
				CLANG_ENABLE_OBJC_ARC = YES;
				CLANG_ENABLE_OBJC_WEAK = YES;
				CLANG_WARN_BLOCK_CAPTURE_AUTORELEASING = YES;
				CLANG_WARN_BOOL_CONVERSION = YES;
				CLANG_WARN_COMMA = YES;
				CLANG_WARN_CONSTANT_CONVERSION = YES;
				CLANG_WARN_DEPRECATED_OBJC_IMPLEMENTATIONS = YES;
				CLANG_WARN_DIRECT_OBJC_ISA_USAGE = YES_ERROR;
				CLANG_WARN_DOCUMENTATION_COMMENTS = YES;
				CLANG_WARN_EMPTY_BODY = YES;
				CLANG_WARN_ENUM_CONVERSION = YES;
				CLANG_WARN_INFINITE_RECURSION = YES;
				CLANG_WARN_INT_CONVERSION = YES;
				CLANG_WARN_NON_LITERAL_NULL_CONVERSION = YES;
				CLANG_WARN_OBJC_IMPLICIT_RETAIN_SELF = YES;
				CLANG_WARN_OBJC_LITERAL_CONVERSION = YES;
				CLANG_WARN_OBJC_ROOT_CLASS = YES_ERROR;
				CLANG_WARN_QUOTED_INCLUDE_IN_FRAMEWORK_HEADER = YES;
				CLANG_WARN_RANGE_LOOP_ANALYSIS = YES;
				CLANG_WARN_STRICT_PROTOTYPES = YES;
				CLANG_WARN_SUSPICIOUS_MOVE = YES;
				CLANG_WARN_UNGUARDED_AVAILABILITY = YES_AGGRESSIVE;
				CLANG_WARN_UNREACHABLE_CODE = YES;
				CLANG_WARN__DUPLICATE_METHOD_MATCH = YES;
				COPY_PHASE_STRIP = NO;
				DEBUG_INFORMATION_FORMAT = dwarf;
				ENABLE_STRICT_OBJC_MSGSEND = YES;
				ENABLE_TESTABILITY = YES;
				ENABLE_USER_SCRIPT_SANDBOXING = YES;
				GCC_C_LANGUAGE_STANDARD = gnu17;
				GCC_DYNAMIC_NO_PIC = NO;
				GCC_NO_COMMON_BLOCKS = YES;
				GCC_OPTIMIZATION_LEVEL = 0;
				GCC_PREPROCESSOR_DEFINITIONS = (
					"DEBUG=1",
					"$(inherited)",
				);
				GCC_WARN_64_TO_32_BIT_CONVERSION = YES;
				GCC_WARN_ABOUT_RETURN_TYPE = YES_ERROR;
				GCC_WARN_UNDECLARED_SELECTOR = YES;
				GCC_WARN_UNINITIALIZED_AUTOS = YES_AGGRESSIVE;
				GCC_WARN_UNUSED_FUNCTION = YES;
				GCC_WARN_UNUSED_VARIABLE = YES;
				IPHONEOS_DEPLOYMENT_TARGET = 17.4;
				LOCALIZATION_PREFERS_STRING_CATALOGS = YES;
				MTL_ENABLE_DEBUG_INFO = INCLUDE_SOURCE;
				MTL_FAST_MATH = YES;
				ONLY_ACTIVE_ARCH = YES;
				SDKROOT = iphoneos;
				SWIFT_ACTIVE_COMPILATION_CONDITIONS = "DEBUG $(inherited)";
				SWIFT_OPTIMIZATION_LEVEL = "-Onone";
			};
			name = Debug;
		};
		EE7856312CAE832100BAAC09 /* Release */ = {
			isa = XCBuildConfiguration;
			buildSettings = {
				ALWAYS_SEARCH_USER_PATHS = NO;
				ASSETCATALOG_COMPILER_GENERATE_SWIFT_ASSET_SYMBOL_EXTENSIONS = YES;
				CLANG_ANALYZER_NONNULL = YES;
				CLANG_ANALYZER_NUMBER_OBJECT_CONVERSION = YES_AGGRESSIVE;
				CLANG_CXX_LANGUAGE_STANDARD = "gnu++20";
				CLANG_ENABLE_MODULES = YES;
				CLANG_ENABLE_OBJC_ARC = YES;
				CLANG_ENABLE_OBJC_WEAK = YES;
				CLANG_WARN_BLOCK_CAPTURE_AUTORELEASING = YES;
				CLANG_WARN_BOOL_CONVERSION = YES;
				CLANG_WARN_COMMA = YES;
				CLANG_WARN_CONSTANT_CONVERSION = YES;
				CLANG_WARN_DEPRECATED_OBJC_IMPLEMENTATIONS = YES;
				CLANG_WARN_DIRECT_OBJC_ISA_USAGE = YES_ERROR;
				CLANG_WARN_DOCUMENTATION_COMMENTS = YES;
				CLANG_WARN_EMPTY_BODY = YES;
				CLANG_WARN_ENUM_CONVERSION = YES;
				CLANG_WARN_INFINITE_RECURSION = YES;
				CLANG_WARN_INT_CONVERSION = YES;
				CLANG_WARN_NON_LITERAL_NULL_CONVERSION = YES;
				CLANG_WARN_OBJC_IMPLICIT_RETAIN_SELF = YES;
				CLANG_WARN_OBJC_LITERAL_CONVERSION = YES;
				CLANG_WARN_OBJC_ROOT_CLASS = YES_ERROR;
				CLANG_WARN_QUOTED_INCLUDE_IN_FRAMEWORK_HEADER = YES;
				CLANG_WARN_RANGE_LOOP_ANALYSIS = YES;
				CLANG_WARN_STRICT_PROTOTYPES = YES;
				CLANG_WARN_SUSPICIOUS_MOVE = YES;
				CLANG_WARN_UNGUARDED_AVAILABILITY = YES_AGGRESSIVE;
				CLANG_WARN_UNREACHABLE_CODE = YES;
				CLANG_WARN__DUPLICATE_METHOD_MATCH = YES;
				COPY_PHASE_STRIP = NO;
				DEBUG_INFORMATION_FORMAT = "dwarf-with-dsym";
				ENABLE_NS_ASSERTIONS = NO;
				ENABLE_STRICT_OBJC_MSGSEND = YES;
				ENABLE_USER_SCRIPT_SANDBOXING = YES;
				GCC_C_LANGUAGE_STANDARD = gnu17;
				GCC_NO_COMMON_BLOCKS = YES;
				GCC_WARN_64_TO_32_BIT_CONVERSION = YES;
				GCC_WARN_ABOUT_RETURN_TYPE = YES_ERROR;
				GCC_WARN_UNDECLARED_SELECTOR = YES;
				GCC_WARN_UNINITIALIZED_AUTOS = YES_AGGRESSIVE;
				GCC_WARN_UNUSED_FUNCTION = YES;
				GCC_WARN_UNUSED_VARIABLE = YES;
				IPHONEOS_DEPLOYMENT_TARGET = 17.4;
				LOCALIZATION_PREFERS_STRING_CATALOGS = YES;
				MTL_ENABLE_DEBUG_INFO = NO;
				MTL_FAST_MATH = YES;
				SDKROOT = iphoneos;
				SWIFT_COMPILATION_MODE = wholemodule;
				VALIDATE_PRODUCT = YES;
			};
			name = Release;
		};
		EE7856332CAE832100BAAC09 /* Debug */ = {
			isa = XCBuildConfiguration;
			buildSettings = {
				ASSETCATALOG_COMPILER_APPICON_NAME = AppIcon;
				ASSETCATALOG_COMPILER_GLOBAL_ACCENT_COLOR_NAME = AccentColor;
				CODE_SIGN_STYLE = Automatic;
				CURRENT_PROJECT_VERSION = 1;
				DEVELOPMENT_ASSET_PATHS = "\"PatrickGameSUI/Preview Content\"";
				DEVELOPMENT_TEAM = 83DGL53YN8;
				ENABLE_PREVIEWS = YES;
				GENERATE_INFOPLIST_FILE = YES;
				INFOPLIST_KEY_UIApplicationSceneManifest_Generation = YES;
				INFOPLIST_KEY_UIApplicationSupportsIndirectInputEvents = YES;
				INFOPLIST_KEY_UILaunchScreen_Generation = YES;
				INFOPLIST_KEY_UISupportedInterfaceOrientations = UIInterfaceOrientationLandscapeRight;
				INFOPLIST_KEY_UISupportedInterfaceOrientations_iPad = "UIInterfaceOrientationLandscapeLeft UIInterfaceOrientationLandscapeRight UIInterfaceOrientationPortrait UIInterfaceOrientationPortraitUpsideDown";
				LD_RUNPATH_SEARCH_PATHS = (
					"$(inherited)",
					"@executable_path/Frameworks",
				);
				MARKETING_VERSION = 1.0;
				PRODUCT_BUNDLE_IDENTIFIER = brusik.PatrickGameSUI;
				PRODUCT_NAME = "$(TARGET_NAME)";
				SWIFT_EMIT_LOC_STRINGS = YES;
				SWIFT_VERSION = 5.0;
				TARGETED_DEVICE_FAMILY = "1,2";
			};
			name = Debug;
		};
		EE7856342CAE832100BAAC09 /* Release */ = {
			isa = XCBuildConfiguration;
			buildSettings = {
				ASSETCATALOG_COMPILER_APPICON_NAME = AppIcon;
				ASSETCATALOG_COMPILER_GLOBAL_ACCENT_COLOR_NAME = AccentColor;
				CODE_SIGN_STYLE = Automatic;
				CURRENT_PROJECT_VERSION = 1;
				DEVELOPMENT_ASSET_PATHS = "\"PatrickGameSUI/Preview Content\"";
				DEVELOPMENT_TEAM = 83DGL53YN8;
				ENABLE_PREVIEWS = YES;
				GENERATE_INFOPLIST_FILE = YES;
				INFOPLIST_KEY_UIApplicationSceneManifest_Generation = YES;
				INFOPLIST_KEY_UIApplicationSupportsIndirectInputEvents = YES;
				INFOPLIST_KEY_UILaunchScreen_Generation = YES;
				INFOPLIST_KEY_UISupportedInterfaceOrientations = UIInterfaceOrientationLandscapeRight;
				INFOPLIST_KEY_UISupportedInterfaceOrientations_iPad = "UIInterfaceOrientationLandscapeLeft UIInterfaceOrientationLandscapeRight UIInterfaceOrientationPortrait UIInterfaceOrientationPortraitUpsideDown";
				LD_RUNPATH_SEARCH_PATHS = (
					"$(inherited)",
					"@executable_path/Frameworks",
				);
				MARKETING_VERSION = 1.0;
				PRODUCT_BUNDLE_IDENTIFIER = brusik.PatrickGameSUI;
				PRODUCT_NAME = "$(TARGET_NAME)";
				SWIFT_EMIT_LOC_STRINGS = YES;
				SWIFT_VERSION = 5.0;
				TARGETED_DEVICE_FAMILY = "1,2";
			};
			name = Release;
		};
/* End XCBuildConfiguration section */

/* Begin XCConfigurationList section */
		EE78561F2CAE831F00BAAC09 /* Build configuration list for PBXProject "PatrickGameSUI" */ = {
			isa = XCConfigurationList;
			buildConfigurations = (
				EE7856302CAE832100BAAC09 /* Debug */,
				EE7856312CAE832100BAAC09 /* Release */,
			);
			defaultConfigurationIsVisible = 0;
			defaultConfigurationName = Release;
		};
		EE7856322CAE832100BAAC09 /* Build configuration list for PBXNativeTarget "PatrickGameSUI" */ = {
			isa = XCConfigurationList;
			buildConfigurations = (
				EE7856332CAE832100BAAC09 /* Debug */,
				EE7856342CAE832100BAAC09 /* Release */,
			);
			defaultConfigurationIsVisible = 0;
			defaultConfigurationName = Release;
		};
/* End XCConfigurationList section */
	};
	rootObject = EE78561C2CAE831F00BAAC09 /* Project object */;
}
